
Microsoft Visual Studio Solution File, Format Version 12.00
# Visual Studio 15
VisualStudioVersion = 15.0.27703.2026
MinimumVisualStudioVersion = 10.0.40219.1
Project("{FAE04EC0-301F-11D3-BF4B-00C04F79EFBC}") = "DatabaseManager", "DatabaseManager\DatabaseManager.csproj", "{B8D16946-9051-4DDB-8F9B-A11623B31339}"
EndProject
Global
	GlobalSection(SolutionConfigurationPlatforms) = preSolution
		Debug|Any CPU = Debug|Any CPU
		Release|Any CPU = Release|Any CPU
	EndGlobalSection
	GlobalSection(ProjectConfigurationPlatforms) = postSolution
		{B8D16946-9051-4DDB-8F9B-A11623B31339}.Debug|Any CPU.ActiveCfg = Debug|Any CPU
		{B8D16946-9051-4DDB-8F9B-A11623B31339}.Debug|Any CPU.Build.0 = Debug|Any CPU
		{B8D16946-9051-4DDB-8F9B-A11623B31339}.Release|Any CPU.ActiveCfg = Release|Any CPU
		{B8D16946-9051-4DDB-8F9B-A11623B31339}.Release|Any CPU.Build.0 = Release|Any CPU
	EndGlobalSection
	GlobalSection(SolutionProperties) = preSolution
		HideSolutionNode = FALSE
	EndGlobalSection
	GlobalSection(ExtensibilityGlobals) = postSolution
		SolutionGuid = {41512D26-EAD0-4043-9802-3B29901B0801}
	EndGlobalSection
EndGlobal
